
Microsoft Visual Studio Solution File, Format Version 12.00
# Visual Studio Version 17
VisualStudioVersion = 17.13.35828.75 d17.13
MinimumVisualStudioVersion = 10.0.40219.1
Project("{FAE04EC0-301F-11D3-BF4B-00C04F79EFBC}") = "Exercise2.2", "Exercise2.2\Exercise2.2.csproj", "{2D824C9D-EE3A-4040-AD4D-2DDE23C5719C}"
EndProject
Global
	GlobalSection(SolutionConfigurationPlatforms) = preSolution
		Debug|Any CPU = Debug|Any CPU
		Release|Any CPU = Release|Any CPU
	EndGlobalSection
	GlobalSection(ProjectConfigurationPlatforms) = postSolution
		{2D824C9D-EE3A-4040-AD4D-2DDE23C5719C}.Debug|Any CPU.ActiveCfg = Debug|Any CPU
		{2D824C9D-EE3A-4040-AD4D-2DDE23C5719C}.Debug|Any CPU.Build.0 = Debug|Any CPU
		{2D824C9D-EE3A-4040-AD4D-2DDE23C5719C}.Release|Any CPU.ActiveCfg = Release|Any CPU
		{2D824C9D-EE3A-4040-AD4D-2DDE23C5719C}.Release|Any CPU.Build.0 = Release|Any CPU
	EndGlobalSection
	GlobalSection(SolutionProperties) = preSolution
		HideSolutionNode = FALSE
	EndGlobalSection
	GlobalSection(ExtensibilityGlobals) = postSolution
		SolutionGuid = {30739245-778E-4E68-B834-B57E32652CC5}
	EndGlobalSection
EndGlobal
